
Microsoft Visual Studio Solution File, Format Version 12.00
# Visual Studio Version 17
VisualStudioVersion = 17.12.35527.113
MinimumVisualStudioVersion = 10.0.40219.1
Project("{FAE04EC0-301F-11D3-BF4B-00C04F79EFBC}") = "ArcadeService.Models", "ArcadeService.Models\ArcadeService.Models.csproj", "{3C1E3226-4A6D-C782-183D-28BCDD5587C0}"
EndProject
Project("{FAE04EC0-301F-11D3-BF4B-00C04F79EFBC}") = "ArcadeService.Tests", "ArcadeService.Tests\ArcadeService.Tests.csproj", "{CCAE4B43-C847-3D41-7C96-8678DAD58883}"
EndProject
Project("{FAE04EC0-301F-11D3-BF4B-00C04F79EFBC}") = "ArcadeService.BL", "ArcadeService.BL\ArcadeService.BL.csproj", "{9D3BB3C6-F4AC-E9AD-E535-FF342C2D1939}"
EndProject
Project("{FAE04EC0-301F-11D3-BF4B-00C04F79EFBC}") = "ArcadeService.DL", "ArcadeService.DL\ArcadeService.DL.csproj", "{04923EAB-9497-E5CB-6750-DD45E256264E}"
EndProject
Project("{FAE04EC0-301F-11D3-BF4B-00C04F79EFBC}") = "ArcadeService.Host", "ArcadeService.Host\ArcadeService.Host.csproj", "{6ED695A6-6F41-A4CF-2D2C-ECEE1B78661F}"
EndProject
Global
	GlobalSection(SolutionConfigurationPlatforms) = preSolution
		Debug|Any CPU = Debug|Any CPU
		Release|Any CPU = Release|Any CPU
	EndGlobalSection
	GlobalSection(ProjectConfigurationPlatforms) = postSolution
		{3C1E3226-4A6D-C782-183D-28BCDD5587C0}.Debug|Any CPU.ActiveCfg = Debug|Any CPU
		{3C1E3226-4A6D-C782-183D-28BCDD5587C0}.Debug|Any CPU.Build.0 = Debug|Any CPU
		{3C1E3226-4A6D-C782-183D-28BCDD5587C0}.Release|Any CPU.ActiveCfg = Release|Any CPU
		{3C1E3226-4A6D-C782-183D-28BCDD5587C0}.Release|Any CPU.Build.0 = Release|Any CPU
		{CCAE4B43-C847-3D41-7C96-8678DAD58883}.Debug|Any CPU.ActiveCfg = Debug|Any CPU
		{CCAE4B43-C847-3D41-7C96-8678DAD58883}.Debug|Any CPU.Build.0 = Debug|Any CPU
		{CCAE4B43-C847-3D41-7C96-8678DAD58883}.Release|Any CPU.ActiveCfg = Release|Any CPU
		{CCAE4B43-C847-3D41-7C96-8678DAD58883}.Release|Any CPU.Build.0 = Release|Any CPU
		{9D3BB3C6-F4AC-E9AD-E535-FF342C2D1939}.Debug|Any CPU.ActiveCfg = Debug|Any CPU
		{9D3BB3C6-F4AC-E9AD-E535-FF342C2D1939}.Debug|Any CPU.Build.0 = Debug|Any CPU
		{9D3BB3C6-F4AC-E9AD-E535-FF342C2D1939}.Release|Any CPU.ActiveCfg = Release|Any CPU
		{9D3BB3C6-F4AC-E9AD-E535-FF342C2D1939}.Release|Any CPU.Build.0 = Release|Any CPU
		{04923EAB-9497-E5CB-6750-DD45E256264E}.Debug|Any CPU.ActiveCfg = Debug|Any CPU
		{04923EAB-9497-E5CB-6750-DD45E256264E}.Debug|Any CPU.Build.0 = Debug|Any CPU
		{04923EAB-9497-E5CB-6750-DD45E256264E}.Release|Any CPU.ActiveCfg = Release|Any CPU
		{04923EAB-9497-E5CB-6750-DD45E256264E}.Release|Any CPU.Build.0 = Release|Any CPU
		{6ED695A6-6F41-A4CF-2D2C-ECEE1B78661F}.Debug|Any CPU.ActiveCfg = Debug|Any CPU
		{6ED695A6-6F41-A4CF-2D2C-ECEE1B78661F}.Debug|Any CPU.Build.0 = Debug|Any CPU
		{6ED695A6-6F41-A4CF-2D2C-ECEE1B78661F}.Release|Any CPU.ActiveCfg = Release|Any CPU
		{6ED695A6-6F41-A4CF-2D2C-ECEE1B78661F}.Release|Any CPU.Build.0 = Release|Any CPU
	EndGlobalSection
	GlobalSection(SolutionProperties) = preSolution
		HideSolutionNode = FALSE
	EndGlobalSection
	GlobalSection(ExtensibilityGlobals) = postSolution
		SolutionGuid = {EFB30AC1-F39F-44DD-AC1A-A852A6FD6BA0}
	EndGlobalSection
EndGlobal
